{
  "name": "sherpa-stt",
  "version": "1.0.0",
  "lockfileVersion": 3,
  "requires": true,
  "packages": {
    "": {
      "name": "sherpa-stt",
      "version": "1.0.0",
      "license": "ISC",
      "dependencies": {
        "node-cpal": "^0.1.1",
        "sherpa-onnx-node": "^1.13.6"
      }
    },
    "../../../node_modules/.pnpm/sherpa-onnx-node@1.13.6/node_modules/sherpa-onnx-node": {
      "version": "1.13.6",
      "license": "Apache-2.0",
      "optionalDependencies": {
        "sherpa-onnx-darwin-arm64": "^1.13.6",
        "sherpa-onnx-darwin-x64": "^1.13.6",
        "sherpa-onnx-linux-arm64": "^1.13.6",
        "sherpa-onnx-linux-x64": "^1.13.6",
        "sherpa-onnx-win-ia32": "^1.13.6",
        "sherpa-onnx-win-x64": "^1.13.6"
      }
    },
    "node_modules/node-cpal": {
      "version": "0.1.1",
      "resolved": "https://registry.npmjs.org/node-cpal/-/node-cpal-0.1.1.tgz",
      "integrity": "sha512-ENjac9jLGqp6hb+zn2ioPEhKCN+ctDlP4omP52cNukFrerD2olXUQjfLFoRXeZRVuBrT44chDgcPEpnckQmUVw==",
      "cpu": [
        "x64",
        "arm64"
      ],
      "license": "ISC",
      "os": [
        "darwin",
        "linux",
        "win32"
      ],
      "engines": {
        "node": ">=14.0.0"
      }
    },
    "node_modules/sherpa-onnx-node": {
      "resolved": "../../../node_modules/.pnpm/sherpa-onnx-node@1.13.6/node_modules/sherpa-onnx-node",
      "link": true
    }
  }
}
